
Microsoft Visual Studio Solution File, Format Version 12.00
# Visual Studio Version 16
VisualStudioVersion = 16.0.31410.357
MinimumVisualStudioVersion = 10.0.40219.1
Project("{FAE04EC0-301F-11D3-BF4B-00C04F79EFBC}") = "ConsoleApp2", "ConsoleApp2\ConsoleApp2.csproj", "{B03913E8-ADDD-488B-899A-851A8BABF278}"
EndProject
Project("{FAE04EC0-301F-11D3-BF4B-00C04F79EFBC}") = "ConsoleApp1", "ConsoleApp1\ConsoleApp1.csproj", "{35225382-9884-400F-9EB0-32CCAB7CF77C}"
EndProject
Global
	GlobalSection(SolutionConfigurationPlatforms) = preSolution
		Debug|Any CPU = Debug|Any CPU
		Release|Any CPU = Release|Any CPU
	EndGlobalSection
	GlobalSection(ProjectConfigurationPlatforms) = postSolution
		{B03913E8-ADDD-488B-899A-851A8BABF278}.Debug|Any CPU.ActiveCfg = Debug|Any CPU
		{B03913E8-ADDD-488B-899A-851A8BABF278}.Debug|Any CPU.Build.0 = Debug|Any CPU
		{B03913E8-ADDD-488B-899A-851A8BABF278}.Release|Any CPU.ActiveCfg = Release|Any CPU
		{B03913E8-ADDD-488B-899A-851A8BABF278}.Release|Any CPU.Build.0 = Release|Any CPU
		{35225382-9884-400F-9EB0-32CCAB7CF77C}.Debug|Any CPU.ActiveCfg = Debug|Any CPU
		{35225382-9884-400F-9EB0-32CCAB7CF77C}.Debug|Any CPU.Build.0 = Debug|Any CPU
		{35225382-9884-400F-9EB0-32CCAB7CF77C}.Release|Any CPU.ActiveCfg = Release|Any CPU
		{35225382-9884-400F-9EB0-32CCAB7CF77C}.Release|Any CPU.Build.0 = Release|Any CPU
	EndGlobalSection
	GlobalSection(SolutionProperties) = preSolution
		HideSolutionNode = FALSE
	EndGlobalSection
	GlobalSection(ExtensibilityGlobals) = postSolution
		SolutionGuid = {13111892-BC45-4A1C-A240-C95FEF6BB3AC}
	EndGlobalSection
EndGlobal
